
Microsoft Visual Studio Solution File, Format Version 12.00
# Visual Studio Version 17
VisualStudioVersion = 17.14.36414.22
MinimumVisualStudioVersion = 10.0.40219.1
Project("{FAE04EC0-301F-11D3-BF4B-00C04F79EFBC}") = "BlazorLibraryApp", "BlazorLibraryApp\BlazorLibraryApp.csproj", "{62AA7174-9563-4C6F-9509-1EF7E44DF8DE}"
EndProject
Project("{FAE04EC0-301F-11D3-BF4B-00C04F79EFBC}") = "BlazorLibraryApp.Tests", "BlazorLibraryApp.Tests\BlazorLibraryApp.Tests.csproj", "{5672C7F3-1D2A-493E-AAFB-039799182D6F}"
EndProject
Global
	GlobalSection(SolutionConfigurationPlatforms) = preSolution
		Debug|Any CPU = Debug|Any CPU
		Release|Any CPU = Release|Any CPU
	EndGlobalSection
	GlobalSection(ProjectConfigurationPlatforms) = postSolution
		{62AA7174-9563-4C6F-9509-1EF7E44DF8DE}.Debug|Any CPU.ActiveCfg = Debug|Any CPU
		{62AA7174-9563-4C6F-9509-1EF7E44DF8DE}.Debug|Any CPU.Build.0 = Debug|Any CPU
		{62AA7174-9563-4C6F-9509-1EF7E44DF8DE}.Release|Any CPU.ActiveCfg = Release|Any CPU
		{62AA7174-9563-4C6F-9509-1EF7E44DF8DE}.Release|Any CPU.Build.0 = Release|Any CPU
		{5672C7F3-1D2A-493E-AAFB-039799182D6F}.Debug|Any CPU.ActiveCfg = Debug|Any CPU
		{5672C7F3-1D2A-493E-AAFB-039799182D6F}.Debug|Any CPU.Build.0 = Debug|Any CPU
		{5672C7F3-1D2A-493E-AAFB-039799182D6F}.Release|Any CPU.ActiveCfg = Release|Any CPU
		{5672C7F3-1D2A-493E-AAFB-039799182D6F}.Release|Any CPU.Build.0 = Release|Any CPU
	EndGlobalSection
	GlobalSection(SolutionProperties) = preSolution
		HideSolutionNode = FALSE
	EndGlobalSection
	GlobalSection(ExtensibilityGlobals) = postSolution
		SolutionGuid = {37A7D9E2-F461-4B8E-B45D-871B560EDB46}
	EndGlobalSection
EndGlobal
